
Microsoft Visual Studio Solution File, Format Version 12.00
# Visual Studio Version 16
VisualStudioVersion = 16.0.29911.84
MinimumVisualStudioVersion = 10.0.40219.1
Project("{FAE04EC0-301F-11D3-BF4B-00C04F79EFBC}") = "TestingOne", "TestingOne\TestingOne.csproj", "{FA468BCF-FF7D-47DE-A0A6-9F3D64919DE9}"
EndProject
Global
	GlobalSection(SolutionConfigurationPlatforms) = preSolution
		Debug|Any CPU = Debug|Any CPU
		Release|Any CPU = Release|Any CPU
	EndGlobalSection
	GlobalSection(ProjectConfigurationPlatforms) = postSolution
		{FA468BCF-FF7D-47DE-A0A6-9F3D64919DE9}.Debug|Any CPU.ActiveCfg = Debug|Any CPU
		{FA468BCF-FF7D-47DE-A0A6-9F3D64919DE9}.Debug|Any CPU.Build.0 = Debug|Any CPU
		{FA468BCF-FF7D-47DE-A0A6-9F3D64919DE9}.Release|Any CPU.ActiveCfg = Release|Any CPU
		{FA468BCF-FF7D-47DE-A0A6-9F3D64919DE9}.Release|Any CPU.Build.0 = Release|Any CPU
	EndGlobalSection
	GlobalSection(SolutionProperties) = preSolution
		HideSolutionNode = FALSE
	EndGlobalSection
	GlobalSection(ExtensibilityGlobals) = postSolution
		SolutionGuid = {EE3CE6BE-DE34-423F-95F0-14DC45D7FB0F}
	EndGlobalSection
EndGlobal
